
Microsoft Visual Studio Solution File, Format Version 12.00
# Visual Studio Version 17
VisualStudioVersion = 17.9.34728.123
MinimumVisualStudioVersion = 10.0.40219.1
Project("{FAE04EC0-301F-11D3-BF4B-00C04F79EFBC}") = "Exercicio.6", "Exercicio.6\Exercicio.6.csproj", "{8B9E17BC-DAA4-45E6-80BD-ED83FF370831}"
EndProject
Global
	GlobalSection(SolutionConfigurationPlatforms) = preSolution
		Debug|Any CPU = Debug|Any CPU
		Release|Any CPU = Release|Any CPU
	EndGlobalSection
	GlobalSection(ProjectConfigurationPlatforms) = postSolution
		{8B9E17BC-DAA4-45E6-80BD-ED83FF370831}.Debug|Any CPU.ActiveCfg = Debug|Any CPU
		{8B9E17BC-DAA4-45E6-80BD-ED83FF370831}.Debug|Any CPU.Build.0 = Debug|Any CPU
		{8B9E17BC-DAA4-45E6-80BD-ED83FF370831}.Release|Any CPU.ActiveCfg = Release|Any CPU
		{8B9E17BC-DAA4-45E6-80BD-ED83FF370831}.Release|Any CPU.Build.0 = Release|Any CPU
	EndGlobalSection
	GlobalSection(SolutionProperties) = preSolution
		HideSolutionNode = FALSE
	EndGlobalSection
	GlobalSection(ExtensibilityGlobals) = postSolution
		SolutionGuid = {4A8AD19A-1DB2-4EED-BCE3-E0833F6827B6}
	EndGlobalSection
EndGlobal
