
Microsoft Visual Studio Solution File, Format Version 12.00
# Visual Studio Version 17
VisualStudioVersion = 17.9.34728.123
MinimumVisualStudioVersion = 10.0.40219.1
Project("{FAE04EC0-301F-11D3-BF4B-00C04F79EFBC}") = "Exercicio.1", "Exercicio.1\Exercicio.1.csproj", "{78CE63FA-1753-4E65-88A6-4E0BCF09BC05}"
EndProject
Global
	GlobalSection(SolutionConfigurationPlatforms) = preSolution
		Debug|Any CPU = Debug|Any CPU
		Release|Any CPU = Release|Any CPU
	EndGlobalSection
	GlobalSection(ProjectConfigurationPlatforms) = postSolution
		{78CE63FA-1753-4E65-88A6-4E0BCF09BC05}.Debug|Any CPU.ActiveCfg = Debug|Any CPU
		{78CE63FA-1753-4E65-88A6-4E0BCF09BC05}.Debug|Any CPU.Build.0 = Debug|Any CPU
		{78CE63FA-1753-4E65-88A6-4E0BCF09BC05}.Release|Any CPU.ActiveCfg = Release|Any CPU
		{78CE63FA-1753-4E65-88A6-4E0BCF09BC05}.Release|Any CPU.Build.0 = Release|Any CPU
	EndGlobalSection
	GlobalSection(SolutionProperties) = preSolution
		HideSolutionNode = FALSE
	EndGlobalSection
	GlobalSection(ExtensibilityGlobals) = postSolution
		SolutionGuid = {00E633D2-3A0D-4FED-B71F-B7A7261D816F}
	EndGlobalSection
EndGlobal
